
Microsoft Visual Studio Solution File, Format Version 12.00
# Visual Studio Version 17
VisualStudioVersion = 17.9.34607.119
MinimumVisualStudioVersion = 10.0.40219.1
Project("{8BC9CEB8-8B4A-11D0-8D11-00A0C91BC942}") = "PertemuanKedua", "PertemuanKedua\PertemuanKedua.vcxproj", "{BB97C813-210E-4A35-B3E5-E5F4875DEFD3}"
EndProject
Project("{8BC9CEB8-8B4A-11D0-8D11-00A0C91BC942}") = "ExampleKedua", "ExampleKedua\ExampleKedua.vcxproj", "{CC0BFF36-0A46-4B3B-B55F-EBCA7DDD963D}"
EndProject
Project("{8BC9CEB8-8B4A-11D0-8D11-00A0C91BC942}") = "exampleKetiga", "exampleKetiga\exampleKetiga.vcxproj", "{D59D55DF-346B-4F4E-898C-17DE8CC42EA6}"
EndProject
Global
	GlobalSection(SolutionConfigurationPlatforms) = preSolution
		Debug|x64 = Debug|x64
		Debug|x86 = Debug|x86
		Release|x64 = Release|x64
		Release|x86 = Release|x86
	EndGlobalSection
	GlobalSection(ProjectConfigurationPlatforms) = postSolution
		{BB97C813-210E-4A35-B3E5-E5F4875DEFD3}.Debug|x64.ActiveCfg = Debug|x64
		{BB97C813-210E-4A35-B3E5-E5F4875DEFD3}.Debug|x64.Build.0 = Debug|x64
		{BB97C813-210E-4A35-B3E5-E5F4875DEFD3}.Debug|x86.ActiveCfg = Debug|Win32
		{BB97C813-210E-4A35-B3E5-E5F4875DEFD3}.Debug|x86.Build.0 = Debug|Win32
		{BB97C813-210E-4A35-B3E5-E5F4875DEFD3}.Release|x64.ActiveCfg = Release|x64
		{BB97C813-210E-4A35-B3E5-E5F4875DEFD3}.Release|x64.Build.0 = Release|x64
		{BB97C813-210E-4A35-B3E5-E5F4875DEFD3}.Release|x86.ActiveCfg = Release|Win32
		{BB97C813-210E-4A35-B3E5-E5F4875DEFD3}.Release|x86.Build.0 = Release|Win32
		{CC0BFF36-0A46-4B3B-B55F-EBCA7DDD963D}.Debug|x64.ActiveCfg = Debug|x64
		{CC0BFF36-0A46-4B3B-B55F-EBCA7DDD963D}.Debug|x64.Build.0 = Debug|x64
		{CC0BFF36-0A46-4B3B-B55F-EBCA7DDD963D}.Debug|x86.ActiveCfg = Debug|Win32
		{CC0BFF36-0A46-4B3B-B55F-EBCA7DDD963D}.Debug|x86.Build.0 = Debug|Win32
		{CC0BFF36-0A46-4B3B-B55F-EBCA7DDD963D}.Release|x64.ActiveCfg = Release|x64
		{CC0BFF36-0A46-4B3B-B55F-EBCA7DDD963D}.Release|x64.Build.0 = Release|x64
		{CC0BFF36-0A46-4B3B-B55F-EBCA7DDD963D}.Release|x86.ActiveCfg = Release|Win32
		{CC0BFF36-0A46-4B3B-B55F-EBCA7DDD963D}.Release|x86.Build.0 = Release|Win32
		{D59D55DF-346B-4F4E-898C-17DE8CC42EA6}.Debug|x64.ActiveCfg = Debug|x64
		{D59D55DF-346B-4F4E-898C-17DE8CC42EA6}.Debug|x64.Build.0 = Debug|x64
		{D59D55DF-346B-4F4E-898C-17DE8CC42EA6}.Debug|x86.ActiveCfg = Debug|Win32
		{D59D55DF-346B-4F4E-898C-17DE8CC42EA6}.Debug|x86.Build.0 = Debug|Win32
		{D59D55DF-346B-4F4E-898C-17DE8CC42EA6}.Release|x64.ActiveCfg = Release|x64
		{D59D55DF-346B-4F4E-898C-17DE8CC42EA6}.Release|x64.Build.0 = Release|x64
		{D59D55DF-346B-4F4E-898C-17DE8CC42EA6}.Release|x86.ActiveCfg = Release|Win32
		{D59D55DF-346B-4F4E-898C-17DE8CC42EA6}.Release|x86.Build.0 = Release|Win32
	EndGlobalSection
	GlobalSection(SolutionProperties) = preSolution
		HideSolutionNode = FALSE
	EndGlobalSection
	GlobalSection(ExtensibilityGlobals) = postSolution
		SolutionGuid = {24C85D93-D3F5-47F3-9916-7F35A75400C5}
	EndGlobalSection
EndGlobal
